
Microsoft Visual Studio Solution File, Format Version 12.00
# Visual Studio Version 17
VisualStudioVersion = 17.7.34024.191
MinimumVisualStudioVersion = 10.0.40219.1
Project("{FAE04EC0-301F-11D3-BF4B-00C04F79EFBC}") = "ProxyCheckAppStatus", "ProxyCheckAppStatus.csproj", "{6B145011-7299-49D1-8C72-5FC67B0C180A}"
EndProject
Global
	GlobalSection(SolutionConfigurationPlatforms) = preSolution
		Debug|Any CPU = Debug|Any CPU
		Release|Any CPU = Release|Any CPU
	EndGlobalSection
	GlobalSection(ProjectConfigurationPlatforms) = postSolution
		{6B145011-7299-49D1-8C72-5FC67B0C180A}.Debug|Any CPU.ActiveCfg = Debug|Any CPU
		{6B145011-7299-49D1-8C72-5FC67B0C180A}.Debug|Any CPU.Build.0 = Debug|Any CPU
		{6B145011-7299-49D1-8C72-5FC67B0C180A}.Release|Any CPU.ActiveCfg = Release|Any CPU
		{6B145011-7299-49D1-8C72-5FC67B0C180A}.Release|Any CPU.Build.0 = Release|Any CPU
	EndGlobalSection
	GlobalSection(SolutionProperties) = preSolution
		HideSolutionNode = FALSE
	EndGlobalSection
	GlobalSection(ExtensibilityGlobals) = postSolution
		SolutionGuid = {594857E9-5F3C-482C-BF49-0FD652BDACE3}
	EndGlobalSection
EndGlobal
